
Microsoft Visual Studio Solution File, Format Version 12.00
# Visual Studio Version 16
VisualStudioVersion = 16.0.29613.14
MinimumVisualStudioVersion = 10.0.40219.1
Project("{FAE04EC0-301F-11D3-BF4B-00C04F79EFBC}") = "APITests", "APITests.csproj", "{1F88680E-1F75-4F2F-AF4F-2CDF529426B0}"
EndProject
Global
	GlobalSection(SolutionConfigurationPlatforms) = preSolution
		Debug|Any CPU = Debug|Any CPU
		Release|Any CPU = Release|Any CPU
	EndGlobalSection
	GlobalSection(ProjectConfigurationPlatforms) = postSolution
		{1F88680E-1F75-4F2F-AF4F-2CDF529426B0}.Debug|Any CPU.ActiveCfg = Debug|Any CPU
		{1F88680E-1F75-4F2F-AF4F-2CDF529426B0}.Debug|Any CPU.Build.0 = Debug|Any CPU
		{1F88680E-1F75-4F2F-AF4F-2CDF529426B0}.Release|Any CPU.ActiveCfg = Release|Any CPU
		{1F88680E-1F75-4F2F-AF4F-2CDF529426B0}.Release|Any CPU.Build.0 = Release|Any CPU
	EndGlobalSection
	GlobalSection(SolutionProperties) = preSolution
		HideSolutionNode = FALSE
	EndGlobalSection
	GlobalSection(ExtensibilityGlobals) = postSolution
		SolutionGuid = {C59FB2EF-9BC4-4A25-9C20-4374E6FFBFC6}
	EndGlobalSection
EndGlobal
