
Microsoft Visual Studio Solution File, Format Version 12.00
# Visual Studio Version 16
VisualStudioVersion = 16.0.29102.190
MinimumVisualStudioVersion = 10.0.40219.1
Project("{FAE04EC0-301F-11D3-BF4B-00C04F79EFBC}") = "XamTrial.UWP", "XamTrial\XamTrial.UWP\XamTrial.UWP.csproj", "{E4459E6C-8112-4B6B-8C5E-4CD52B6CF462}"
EndProject
Project("{FAE04EC0-301F-11D3-BF4B-00C04F79EFBC}") = "XamTrial.Android", "XamTrial\XamTrial.Android\XamTrial.Android.csproj", "{2A9F15AD-30A5-4549-9C08-A5F0C16F589C}"
EndProject
Project("{FAE04EC0-301F-11D3-BF4B-00C04F79EFBC}") = "XamTrial.iOS", "XamTrial\XamTrial.iOS\XamTrial.iOS.csproj", "{9DCBDA83-B661-454C-A807-630FF55853EE}"
EndProject
Project("{FAE04EC0-301F-11D3-BF4B-00C04F79EFBC}") = "XamTrial", "XamTrial\XamTrial\XamTrial.csproj", "{6C264021-E09C-42F4-B405-9C054E8C5877}"
EndProject
Global
	GlobalSection(SolutionConfigurationPlatforms) = preSolution
		Debug|Any CPU = Debug|Any CPU
		Debug|ARM = Debug|ARM
		Debug|iPhone = Debug|iPhone
		Debug|iPhoneSimulator = Debug|iPhoneSimulator
		Debug|x64 = Debug|x64
		Debug|x86 = Debug|x86
		Release|Any CPU = Release|Any CPU
		Release|ARM = Release|ARM
		Release|iPhone = Release|iPhone
		Release|iPhoneSimulator = Release|iPhoneSimulator
		Release|x64 = Release|x64
		Release|x86 = Release|x86
	EndGlobalSection
	GlobalSection(ProjectConfigurationPlatforms) = postSolution
		{E4459E6C-8112-4B6B-8C5E-4CD52B6CF462}.Debug|Any CPU.ActiveCfg = Debug|x86
		{E4459E6C-8112-4B6B-8C5E-4CD52B6CF462}.Debug|Any CPU.Build.0 = Debug|x86
		{E4459E6C-8112-4B6B-8C5E-4CD52B6CF462}.Debug|Any CPU.Deploy.0 = Debug|x86
		{E4459E6C-8112-4B6B-8C5E-4CD52B6CF462}.Debug|ARM.ActiveCfg = Debug|ARM
		{E4459E6C-8112-4B6B-8C5E-4CD52B6CF462}.Debug|ARM.Build.0 = Debug|ARM
		{E4459E6C-8112-4B6B-8C5E-4CD52B6CF462}.Debug|ARM.Deploy.0 = Debug|ARM
		{E4459E6C-8112-4B6B-8C5E-4CD52B6CF462}.Debug|iPhone.ActiveCfg = Debug|x86
		{E4459E6C-8112-4B6B-8C5E-4CD52B6CF462}.Debug|iPhone.Build.0 = Debug|x86
		{E4459E6C-8112-4B6B-8C5E-4CD52B6CF462}.Debug|iPhone.Deploy.0 = Debug|x86
		{E4459E6C-8112-4B6B-8C5E-4CD52B6CF462}.Debug|iPhoneSimulator.ActiveCfg = Debug|x86
		{E4459E6C-8112-4B6B-8C5E-4CD52B6CF462}.Debug|iPhoneSimulator.Build.0 = Debug|x86
		{E4459E6C-8112-4B6B-8C5E-4CD52B6CF462}.Debug|iPhoneSimulator.Deploy.0 = Debug|x86
		{E4459E6C-8112-4B6B-8C5E-4CD52B6CF462}.Debug|x64.ActiveCfg = Debug|x64
		{E4459E6C-8112-4B6B-8C5E-4CD52B6CF462}.Debug|x64.Build.0 = Debug|x64
		{E4459E6C-8112-4B6B-8C5E-4CD52B6CF462}.Debug|x64.Deploy.0 = Debug|x64
		{E4459E6C-8112-4B6B-8C5E-4CD52B6CF462}.Debug|x86.ActiveCfg = Debug|x86
		{E4459E6C-8112-4B6B-8C5E-4CD52B6CF462}.Debug|x86.Build.0 = Debug|x86
		{E4459E6C-8112-4B6B-8C5E-4CD52B6CF462}.Debug|x86.Deploy.0 = Debug|x86
		{E4459E6C-8112-4B6B-8C5E-4CD52B6CF462}.Release|Any CPU.ActiveCfg = Release|x86
		{E4459E6C-8112-4B6B-8C5E-4CD52B6CF462}.Release|Any CPU.Build.0 = Release|x86
		{E4459E6C-8112-4B6B-8C5E-4CD52B6CF462}.Release|Any CPU.Deploy.0 = Release|x86
		{E4459E6C-8112-4B6B-8C5E-4CD52B6CF462}.Release|ARM.ActiveCfg = Release|ARM
		{E4459E6C-8112-4B6B-8C5E-4CD52B6CF462}.Release|ARM.Build.0 = Release|ARM
		{E4459E6C-8112-4B6B-8C5E-4CD52B6CF462}.Release|ARM.Deploy.0 = Release|ARM
		{E4459E6C-8112-4B6B-8C5E-4CD52B6CF462}.Release|iPhone.ActiveCfg = Release|x86
		{E4459E6C-8112-4B6B-8C5E-4CD52B6CF462}.Release|iPhone.Build.0 = Release|x86
		{E4459E6C-8112-4B6B-8C5E-4CD52B6CF462}.Release|iPhone.Deploy.0 = Release|x86
		{E4459E6C-8112-4B6B-8C5E-4CD52B6CF462}.Release|iPhoneSimulator.ActiveCfg = Release|x86
		{E4459E6C-8112-4B6B-8C5E-4CD52B6CF462}.Release|iPhoneSimulator.Build.0 = Release|x86
		{E4459E6C-8112-4B6B-8C5E-4CD52B6CF462}.Release|iPhoneSimulator.Deploy.0 = Release|x86
		{E4459E6C-8112-4B6B-8C5E-4CD52B6CF462}.Release|x64.ActiveCfg = Release|x64
		{E4459E6C-8112-4B6B-8C5E-4CD52B6CF462}.Release|x64.Build.0 = Release|x64
		{E4459E6C-8112-4B6B-8C5E-4CD52B6CF462}.Release|x64.Deploy.0 = Release|x64
		{E4459E6C-8112-4B6B-8C5E-4CD52B6CF462}.Release|x86.ActiveCfg = Release|x86
		{E4459E6C-8112-4B6B-8C5E-4CD52B6CF462}.Release|x86.Build.0 = Release|x86
		{E4459E6C-8112-4B6B-8C5E-4CD52B6CF462}.Release|x86.Deploy.0 = Release|x86
		{2A9F15AD-30A5-4549-9C08-A5F0C16F589C}.Debug|Any CPU.ActiveCfg = Debug|Any CPU
		{2A9F15AD-30A5-4549-9C08-A5F0C16F589C}.Debug|Any CPU.Build.0 = Debug|Any CPU
		{2A9F15AD-30A5-4549-9C08-A5F0C16F589C}.Debug|Any CPU.Deploy.0 = Debug|Any CPU
		{2A9F15AD-30A5-4549-9C08-A5F0C16F589C}.Debug|ARM.ActiveCfg = Debug|Any CPU
		{2A9F15AD-30A5-4549-9C08-A5F0C16F589C}.Debug|ARM.Build.0 = Debug|Any CPU
		{2A9F15AD-30A5-4549-9C08-A5F0C16F589C}.Debug|ARM.Deploy.0 = Debug|Any CPU
		{2A9F15AD-30A5-4549-9C08-A5F0C16F589C}.Debug|iPhone.ActiveCfg = Debug|Any CPU
		{2A9F15AD-30A5-4549-9C08-A5F0C16F589C}.Debug|iPhone.Build.0 = Debug|Any CPU
		{2A9F15AD-30A5-4549-9C08-A5F0C16F589C}.Debug|iPhone.Deploy.0 = Debug|Any CPU
		{2A9F15AD-30A5-4549-9C08-A5F0C16F589C}.Debug|iPhoneSimulator.ActiveCfg = Debug|Any CPU
		{2A9F15AD-30A5-4549-9C08-A5F0C16F589C}.Debug|iPhoneSimulator.Build.0 = Debug|Any CPU
		{2A9F15AD-30A5-4549-9C08-A5F0C16F589C}.Debug|iPhoneSimulator.Deploy.0 = Debug|Any CPU
		{2A9F15AD-30A5-4549-9C08-A5F0C16F589C}.Debug|x64.ActiveCfg = Debug|Any CPU
		{2A9F15AD-30A5-4549-9C08-A5F0C16F589C}.Debug|x64.Build.0 = Debug|Any CPU
		{2A9F15AD-30A5-4549-9C08-A5F0C16F589C}.Debug|x64.Deploy.0 = Debug|Any CPU
		{2A9F15AD-30A5-4549-9C08-A5F0C16F589C}.Debug|x86.ActiveCfg = Debug|Any CPU
		{2A9F15AD-30A5-4549-9C08-A5F0C16F589C}.Debug|x86.Build.0 = Debug|Any CPU
		{2A9F15AD-30A5-4549-9C08-A5F0C16F589C}.Debug|x86.Deploy.0 = Debug|Any CPU
		{2A9F15AD-30A5-4549-9C08-A5F0C16F589C}.Release|Any CPU.ActiveCfg = Release|Any CPU
		{2A9F15AD-30A5-4549-9C08-A5F0C16F589C}.Release|Any CPU.Build.0 = Release|Any CPU
		{2A9F15AD-30A5-4549-9C08-A5F0C16F589C}.Release|Any CPU.Deploy.0 = Release|Any CPU
		{2A9F15AD-30A5-4549-9C08-A5F0C16F589C}.Release|ARM.ActiveCfg = Release|Any CPU
		{2A9F15AD-30A5-4549-9C08-A5F0C16F589C}.Release|ARM.Build.0 = Release|Any CPU
		{2A9F15AD-30A5-4549-9C08-A5F0C16F589C}.Release|ARM.Deploy.0 = Release|Any CPU
		{2A9F15AD-30A5-4549-9C08-A5F0C16F589C}.Release|iPhone.ActiveCfg = Release|Any CPU
		{2A9F15AD-30A5-4549-9C08-A5F0C16F589C}.Release|iPhone.Build.0 = Release|Any CPU
		{2A9F15AD-30A5-4549-9C08-A5F0C16F589C}.Release|iPhone.Deploy.0 = Release|Any CPU
		{2A9F15AD-30A5-4549-9C08-A5F0C16F589C}.Release|iPhoneSimulator.ActiveCfg = Release|Any CPU
		{2A9F15AD-30A5-4549-9C08-A5F0C16F589C}.Release|iPhoneSimulator.Build.0 = Release|Any CPU
		{2A9F15AD-30A5-4549-9C08-A5F0C16F589C}.Release|iPhoneSimulator.Deploy.0 = Release|Any CPU
		{2A9F15AD-30A5-4549-9C08-A5F0C16F589C}.Release|x64.ActiveCfg = Release|Any CPU
		{2A9F15AD-30A5-4549-9C08-A5F0C16F589C}.Release|x64.Build.0 = Release|Any CPU
		{2A9F15AD-30A5-4549-9C08-A5F0C16F589C}.Release|x64.Deploy.0 = Release|Any CPU
		{2A9F15AD-30A5-4549-9C08-A5F0C16F589C}.Release|x86.ActiveCfg = Release|Any CPU
		{2A9F15AD-30A5-4549-9C08-A5F0C16F589C}.Release|x86.Build.0 = Release|Any CPU
		{2A9F15AD-30A5-4549-9C08-A5F0C16F589C}.Release|x86.Deploy.0 = Release|Any CPU
		{9DCBDA83-B661-454C-A807-630FF55853EE}.Debug|Any CPU.ActiveCfg = Debug|iPhone
		{9DCBDA83-B661-454C-A807-630FF55853EE}.Debug|Any CPU.Build.0 = Debug|iPhone
		{9DCBDA83-B661-454C-A807-630FF55853EE}.Debug|Any CPU.Deploy.0 = Debug|iPhone
		{9DCBDA83-B661-454C-A807-630FF55853EE}.Debug|ARM.ActiveCfg = Debug|iPhoneSimulator
		{9DCBDA83-B661-454C-A807-630FF55853EE}.Debug|ARM.Build.0 = Debug|iPhoneSimulator
		{9DCBDA83-B661-454C-A807-630FF55853EE}.Debug|ARM.Deploy.0 = Debug|iPhoneSimulator
		{9DCBDA83-B661-454C-A807-630FF55853EE}.Debug|iPhone.ActiveCfg = Debug|iPhone
		{9DCBDA83-B661-454C-A807-630FF55853EE}.Debug|iPhone.Build.0 = Debug|iPhone
		{9DCBDA83-B661-454C-A807-630FF55853EE}.Debug|iPhone.Deploy.0 = Debug|iPhone
		{9DCBDA83-B661-454C-A807-630FF55853EE}.Debug|iPhoneSimulator.ActiveCfg = Debug|iPhoneSimulator
		{9DCBDA83-B661-454C-A807-630FF55853EE}.Debug|iPhoneSimulator.Build.0 = Debug|iPhoneSimulator
		{9DCBDA83-B661-454C-A807-630FF55853EE}.Debug|iPhoneSimulator.Deploy.0 = Debug|iPhoneSimulator
		{9DCBDA83-B661-454C-A807-630FF55853EE}.Debug|x64.ActiveCfg = Debug|iPhone
		{9DCBDA83-B661-454C-A807-630FF55853EE}.Debug|x64.Build.0 = Debug|iPhone
		{9DCBDA83-B661-454C-A807-630FF55853EE}.Debug|x64.Deploy.0 = Debug|iPhone
		{9DCBDA83-B661-454C-A807-630FF55853EE}.Debug|x86.ActiveCfg = Debug|iPhone
		{9DCBDA83-B661-454C-A807-630FF55853EE}.Debug|x86.Build.0 = Debug|iPhone
		{9DCBDA83-B661-454C-A807-630FF55853EE}.Debug|x86.Deploy.0 = Debug|iPhone
		{9DCBDA83-B661-454C-A807-630FF55853EE}.Release|Any CPU.ActiveCfg = Release|iPhone
		{9DCBDA83-B661-454C-A807-630FF55853EE}.Release|Any CPU.Build.0 = Release|iPhone
		{9DCBDA83-B661-454C-A807-630FF55853EE}.Release|Any CPU.Deploy.0 = Release|iPhone
		{9DCBDA83-B661-454C-A807-630FF55853EE}.Release|ARM.ActiveCfg = Release|iPhone
		{9DCBDA83-B661-454C-A807-630FF55853EE}.Release|ARM.Build.0 = Release|iPhone
		{9DCBDA83-B661-454C-A807-630FF55853EE}.Release|ARM.Deploy.0 = Release|iPhone
		{9DCBDA83-B661-454C-A807-630FF55853EE}.Release|iPhone.ActiveCfg = Release|iPhone
		{9DCBDA83-B661-454C-A807-630FF55853EE}.Release|iPhone.Build.0 = Release|iPhone
		{9DCBDA83-B661-454C-A807-630FF55853EE}.Release|iPhone.Deploy.0 = Release|iPhone
		{9DCBDA83-B661-454C-A807-630FF55853EE}.Release|iPhoneSimulator.ActiveCfg = Release|iPhoneSimulator
		{9DCBDA83-B661-454C-A807-630FF55853EE}.Release|iPhoneSimulator.Build.0 = Release|iPhoneSimulator
		{9DCBDA83-B661-454C-A807-630FF55853EE}.Release|iPhoneSimulator.Deploy.0 = Release|iPhoneSimulator
		{9DCBDA83-B661-454C-A807-630FF55853EE}.Release|x64.ActiveCfg = Release|iPhone
		{9DCBDA83-B661-454C-A807-630FF55853EE}.Release|x64.Build.0 = Release|iPhone
		{9DCBDA83-B661-454C-A807-630FF55853EE}.Release|x64.Deploy.0 = Release|iPhone
		{9DCBDA83-B661-454C-A807-630FF55853EE}.Release|x86.ActiveCfg = Release|iPhone
		{9DCBDA83-B661-454C-A807-630FF55853EE}.Release|x86.Build.0 = Release|iPhone
		{9DCBDA83-B661-454C-A807-630FF55853EE}.Release|x86.Deploy.0 = Release|iPhone
		{6C264021-E09C-42F4-B405-9C054E8C5877}.Debug|Any CPU.ActiveCfg = Debug|Any CPU
		{6C264021-E09C-42F4-B405-9C054E8C5877}.Debug|Any CPU.Build.0 = Debug|Any CPU
		{6C264021-E09C-42F4-B405-9C054E8C5877}.Debug|Any CPU.Deploy.0 = Debug|Any CPU
		{6C264021-E09C-42F4-B405-9C054E8C5877}.Debug|ARM.ActiveCfg = Debug|Any CPU
		{6C264021-E09C-42F4-B405-9C054E8C5877}.Debug|ARM.Build.0 = Debug|Any CPU
		{6C264021-E09C-42F4-B405-9C054E8C5877}.Debug|ARM.Deploy.0 = Debug|Any CPU
		{6C264021-E09C-42F4-B405-9C054E8C5877}.Debug|iPhone.ActiveCfg = Debug|Any CPU
		{6C264021-E09C-42F4-B405-9C054E8C5877}.Debug|iPhone.Build.0 = Debug|Any CPU
		{6C264021-E09C-42F4-B405-9C054E8C5877}.Debug|iPhone.Deploy.0 = Debug|Any CPU
		{6C264021-E09C-42F4-B405-9C054E8C5877}.Debug|iPhoneSimulator.ActiveCfg = Debug|Any CPU
		{6C264021-E09C-42F4-B405-9C054E8C5877}.Debug|iPhoneSimulator.Build.0 = Debug|Any CPU
		{6C264021-E09C-42F4-B405-9C054E8C5877}.Debug|iPhoneSimulator.Deploy.0 = Debug|Any CPU
		{6C264021-E09C-42F4-B405-9C054E8C5877}.Debug|x64.ActiveCfg = Debug|Any CPU
		{6C264021-E09C-42F4-B405-9C054E8C5877}.Debug|x64.Build.0 = Debug|Any CPU
		{6C264021-E09C-42F4-B405-9C054E8C5877}.Debug|x64.Deploy.0 = Debug|Any CPU
		{6C264021-E09C-42F4-B405-9C054E8C5877}.Debug|x86.ActiveCfg = Debug|Any CPU
		{6C264021-E09C-42F4-B405-9C054E8C5877}.Debug|x86.Build.0 = Debug|Any CPU
		{6C264021-E09C-42F4-B405-9C054E8C5877}.Debug|x86.Deploy.0 = Debug|Any CPU
		{6C264021-E09C-42F4-B405-9C054E8C5877}.Release|Any CPU.ActiveCfg = Release|Any CPU
		{6C264021-E09C-42F4-B405-9C054E8C5877}.Release|Any CPU.Build.0 = Release|Any CPU
		{6C264021-E09C-42F4-B405-9C054E8C5877}.Release|Any CPU.Deploy.0 = Release|Any CPU
		{6C264021-E09C-42F4-B405-9C054E8C5877}.Release|ARM.ActiveCfg = Release|Any CPU
		{6C264021-E09C-42F4-B405-9C054E8C5877}.Release|ARM.Build.0 = Release|Any CPU
		{6C264021-E09C-42F4-B405-9C054E8C5877}.Release|ARM.Deploy.0 = Release|Any CPU
		{6C264021-E09C-42F4-B405-9C054E8C5877}.Release|iPhone.ActiveCfg = Release|Any CPU
		{6C264021-E09C-42F4-B405-9C054E8C5877}.Release|iPhone.Build.0 = Release|Any CPU
		{6C264021-E09C-42F4-B405-9C054E8C5877}.Release|iPhone.Deploy.0 = Release|Any CPU
		{6C264021-E09C-42F4-B405-9C054E8C5877}.Release|iPhoneSimulator.ActiveCfg = Release|Any CPU
		{6C264021-E09C-42F4-B405-9C054E8C5877}.Release|iPhoneSimulator.Build.0 = Release|Any CPU
		{6C264021-E09C-42F4-B405-9C054E8C5877}.Release|iPhoneSimulator.Deploy.0 = Release|Any CPU
		{6C264021-E09C-42F4-B405-9C054E8C5877}.Release|x64.ActiveCfg = Release|Any CPU
		{6C264021-E09C-42F4-B405-9C054E8C5877}.Release|x64.Build.0 = Release|Any CPU
		{6C264021-E09C-42F4-B405-9C054E8C5877}.Release|x64.Deploy.0 = Release|Any CPU
		{6C264021-E09C-42F4-B405-9C054E8C5877}.Release|x86.ActiveCfg = Release|Any CPU
		{6C264021-E09C-42F4-B405-9C054E8C5877}.Release|x86.Build.0 = Release|Any CPU
		{6C264021-E09C-42F4-B405-9C054E8C5877}.Release|x86.Deploy.0 = Release|Any CPU
	EndGlobalSection
	GlobalSection(SolutionProperties) = preSolution
		HideSolutionNode = FALSE
	EndGlobalSection
	GlobalSection(ExtensibilityGlobals) = postSolution
		SolutionGuid = {B09962F1-D776-4EA7-8192-7B9957482A9F}
	EndGlobalSection
EndGlobal
