
Microsoft Visual Studio Solution File, Format Version 12.00
# Visual Studio Version 16
VisualStudioVersion = 16.0.30907.101
MinimumVisualStudioVersion = 10.0.40219.1
Project("{00D1A9C2-B5F0-4AF3-8072-F6C62B433612}") = "WAS.Sql", "WAS.Sql\WAS.Sql.sqlproj", "{1E4BE371-7230-4641-ADD2-4FA2F14A6B07}"
EndProject
Global
	GlobalSection(SolutionConfigurationPlatforms) = preSolution
		Debug|Any CPU = Debug|Any CPU
		Release|Any CPU = Release|Any CPU
	EndGlobalSection
	GlobalSection(ProjectConfigurationPlatforms) = postSolution
		{1E4BE371-7230-4641-ADD2-4FA2F14A6B07}.Debug|Any CPU.ActiveCfg = Debug|Any CPU
		{1E4BE371-7230-4641-ADD2-4FA2F14A6B07}.Debug|Any CPU.Build.0 = Debug|Any CPU
		{1E4BE371-7230-4641-ADD2-4FA2F14A6B07}.Debug|Any CPU.Deploy.0 = Debug|Any CPU
		{1E4BE371-7230-4641-ADD2-4FA2F14A6B07}.Release|Any CPU.ActiveCfg = Release|Any CPU
		{1E4BE371-7230-4641-ADD2-4FA2F14A6B07}.Release|Any CPU.Build.0 = Release|Any CPU
		{1E4BE371-7230-4641-ADD2-4FA2F14A6B07}.Release|Any CPU.Deploy.0 = Release|Any CPU
	EndGlobalSection
	GlobalSection(SolutionProperties) = preSolution
		HideSolutionNode = FALSE
	EndGlobalSection
	GlobalSection(ExtensibilityGlobals) = postSolution
		SolutionGuid = {96A716DB-78D3-45AA-A0F8-3AE99BF26ACF}
	EndGlobalSection
EndGlobal
