
Microsoft Visual Studio Solution File, Format Version 12.00
# Visual Studio Version 16
VisualStudioVersion = 16.0.29613.14
MinimumVisualStudioVersion = 10.0.40219.1
Project("{FAE04EC0-301F-11D3-BF4B-00C04F79EFBC}") = "UWL", "UWL\UWL.csproj", "{FA71B0D8-3C71-485A-916A-F75C31FAD3C8}"
EndProject
Global
	GlobalSection(SolutionConfigurationPlatforms) = preSolution
		Debug|Any CPU = Debug|Any CPU
		Release|Any CPU = Release|Any CPU
	EndGlobalSection
	GlobalSection(ProjectConfigurationPlatforms) = postSolution
		{FA71B0D8-3C71-485A-916A-F75C31FAD3C8}.Debug|Any CPU.ActiveCfg = Debug|Any CPU
		{FA71B0D8-3C71-485A-916A-F75C31FAD3C8}.Debug|Any CPU.Build.0 = Debug|Any CPU
		{FA71B0D8-3C71-485A-916A-F75C31FAD3C8}.Release|Any CPU.ActiveCfg = Release|Any CPU
		{FA71B0D8-3C71-485A-916A-F75C31FAD3C8}.Release|Any CPU.Build.0 = Release|Any CPU
	EndGlobalSection
	GlobalSection(SolutionProperties) = preSolution
		HideSolutionNode = FALSE
	EndGlobalSection
	GlobalSection(ExtensibilityGlobals) = postSolution
		SolutionGuid = {7D5689C6-D6E6-43CE-865F-BA19B484A7A2}
	EndGlobalSection
EndGlobal
