
Microsoft Visual Studio Solution File, Format Version 12.00
# Visual Studio Version 16
VisualStudioVersion = 16.0.30011.22
MinimumVisualStudioVersion = 10.0.40219.1
Project("{FAE04EC0-301F-11D3-BF4B-00C04F79EFBC}") = "TryCharts.UWP", "TryCharts.UWP\TryCharts.UWP.csproj", "{71E86F88-AC79-4AD8-A87B-F4C954484016}"
EndProject
Project("{FAE04EC0-301F-11D3-BF4B-00C04F79EFBC}") = "TryCharts.Android", "TryCharts.Android\TryCharts.Android.csproj", "{CB6F8A50-9213-407B-9724-BF209985073E}"
EndProject
Project("{FAE04EC0-301F-11D3-BF4B-00C04F79EFBC}") = "TryCharts.iOS", "TryCharts.iOS\TryCharts.iOS.csproj", "{37C946AF-F45C-4195-942E-EB65394E72FD}"
EndProject
Project("{FAE04EC0-301F-11D3-BF4B-00C04F79EFBC}") = "TryCharts", "TryCharts\TryCharts.csproj", "{E98F8614-4755-4AF2-A06C-9789E24C0ED5}"
EndProject
Global
	GlobalSection(SolutionConfigurationPlatforms) = preSolution
		Debug|Any CPU = Debug|Any CPU
		Debug|ARM = Debug|ARM
		Debug|iPhone = Debug|iPhone
		Debug|iPhoneSimulator = Debug|iPhoneSimulator
		Debug|x64 = Debug|x64
		Debug|x86 = Debug|x86
		Release|Any CPU = Release|Any CPU
		Release|ARM = Release|ARM
		Release|iPhone = Release|iPhone
		Release|iPhoneSimulator = Release|iPhoneSimulator
		Release|x64 = Release|x64
		Release|x86 = Release|x86
	EndGlobalSection
	GlobalSection(ProjectConfigurationPlatforms) = postSolution
		{71E86F88-AC79-4AD8-A87B-F4C954484016}.Debug|Any CPU.ActiveCfg = Debug|x86
		{71E86F88-AC79-4AD8-A87B-F4C954484016}.Debug|Any CPU.Build.0 = Debug|x86
		{71E86F88-AC79-4AD8-A87B-F4C954484016}.Debug|Any CPU.Deploy.0 = Debug|x86
		{71E86F88-AC79-4AD8-A87B-F4C954484016}.Debug|ARM.ActiveCfg = Debug|ARM
		{71E86F88-AC79-4AD8-A87B-F4C954484016}.Debug|ARM.Build.0 = Debug|ARM
		{71E86F88-AC79-4AD8-A87B-F4C954484016}.Debug|ARM.Deploy.0 = Debug|ARM
		{71E86F88-AC79-4AD8-A87B-F4C954484016}.Debug|iPhone.ActiveCfg = Debug|x86
		{71E86F88-AC79-4AD8-A87B-F4C954484016}.Debug|iPhone.Build.0 = Debug|x86
		{71E86F88-AC79-4AD8-A87B-F4C954484016}.Debug|iPhone.Deploy.0 = Debug|x86
		{71E86F88-AC79-4AD8-A87B-F4C954484016}.Debug|iPhoneSimulator.ActiveCfg = Debug|x86
		{71E86F88-AC79-4AD8-A87B-F4C954484016}.Debug|iPhoneSimulator.Build.0 = Debug|x86
		{71E86F88-AC79-4AD8-A87B-F4C954484016}.Debug|iPhoneSimulator.Deploy.0 = Debug|x86
		{71E86F88-AC79-4AD8-A87B-F4C954484016}.Debug|x64.ActiveCfg = Debug|x64
		{71E86F88-AC79-4AD8-A87B-F4C954484016}.Debug|x64.Build.0 = Debug|x64
		{71E86F88-AC79-4AD8-A87B-F4C954484016}.Debug|x64.Deploy.0 = Debug|x64
		{71E86F88-AC79-4AD8-A87B-F4C954484016}.Debug|x86.ActiveCfg = Debug|x86
		{71E86F88-AC79-4AD8-A87B-F4C954484016}.Debug|x86.Build.0 = Debug|x86
		{71E86F88-AC79-4AD8-A87B-F4C954484016}.Debug|x86.Deploy.0 = Debug|x86
		{71E86F88-AC79-4AD8-A87B-F4C954484016}.Release|Any CPU.ActiveCfg = Release|x86
		{71E86F88-AC79-4AD8-A87B-F4C954484016}.Release|Any CPU.Build.0 = Release|x86
		{71E86F88-AC79-4AD8-A87B-F4C954484016}.Release|Any CPU.Deploy.0 = Release|x86
		{71E86F88-AC79-4AD8-A87B-F4C954484016}.Release|ARM.ActiveCfg = Release|ARM
		{71E86F88-AC79-4AD8-A87B-F4C954484016}.Release|ARM.Build.0 = Release|ARM
		{71E86F88-AC79-4AD8-A87B-F4C954484016}.Release|ARM.Deploy.0 = Release|ARM
		{71E86F88-AC79-4AD8-A87B-F4C954484016}.Release|iPhone.ActiveCfg = Release|x86
		{71E86F88-AC79-4AD8-A87B-F4C954484016}.Release|iPhone.Build.0 = Release|x86
		{71E86F88-AC79-4AD8-A87B-F4C954484016}.Release|iPhone.Deploy.0 = Release|x86
		{71E86F88-AC79-4AD8-A87B-F4C954484016}.Release|iPhoneSimulator.ActiveCfg = Release|x86
		{71E86F88-AC79-4AD8-A87B-F4C954484016}.Release|iPhoneSimulator.Build.0 = Release|x86
		{71E86F88-AC79-4AD8-A87B-F4C954484016}.Release|iPhoneSimulator.Deploy.0 = Release|x86
		{71E86F88-AC79-4AD8-A87B-F4C954484016}.Release|x64.ActiveCfg = Release|x64
		{71E86F88-AC79-4AD8-A87B-F4C954484016}.Release|x64.Build.0 = Release|x64
		{71E86F88-AC79-4AD8-A87B-F4C954484016}.Release|x64.Deploy.0 = Release|x64
		{71E86F88-AC79-4AD8-A87B-F4C954484016}.Release|x86.ActiveCfg = Release|x86
		{71E86F88-AC79-4AD8-A87B-F4C954484016}.Release|x86.Build.0 = Release|x86
		{71E86F88-AC79-4AD8-A87B-F4C954484016}.Release|x86.Deploy.0 = Release|x86
		{CB6F8A50-9213-407B-9724-BF209985073E}.Debug|Any CPU.ActiveCfg = Debug|Any CPU
		{CB6F8A50-9213-407B-9724-BF209985073E}.Debug|Any CPU.Build.0 = Debug|Any CPU
		{CB6F8A50-9213-407B-9724-BF209985073E}.Debug|Any CPU.Deploy.0 = Debug|Any CPU
		{CB6F8A50-9213-407B-9724-BF209985073E}.Debug|ARM.ActiveCfg = Debug|Any CPU
		{CB6F8A50-9213-407B-9724-BF209985073E}.Debug|ARM.Build.0 = Debug|Any CPU
		{CB6F8A50-9213-407B-9724-BF209985073E}.Debug|ARM.Deploy.0 = Debug|Any CPU
		{CB6F8A50-9213-407B-9724-BF209985073E}.Debug|iPhone.ActiveCfg = Debug|Any CPU
		{CB6F8A50-9213-407B-9724-BF209985073E}.Debug|iPhone.Build.0 = Debug|Any CPU
		{CB6F8A50-9213-407B-9724-BF209985073E}.Debug|iPhone.Deploy.0 = Debug|Any CPU
		{CB6F8A50-9213-407B-9724-BF209985073E}.Debug|iPhoneSimulator.ActiveCfg = Debug|Any CPU
		{CB6F8A50-9213-407B-9724-BF209985073E}.Debug|iPhoneSimulator.Build.0 = Debug|Any CPU
		{CB6F8A50-9213-407B-9724-BF209985073E}.Debug|iPhoneSimulator.Deploy.0 = Debug|Any CPU
		{CB6F8A50-9213-407B-9724-BF209985073E}.Debug|x64.ActiveCfg = Debug|Any CPU
		{CB6F8A50-9213-407B-9724-BF209985073E}.Debug|x64.Build.0 = Debug|Any CPU
		{CB6F8A50-9213-407B-9724-BF209985073E}.Debug|x64.Deploy.0 = Debug|Any CPU
		{CB6F8A50-9213-407B-9724-BF209985073E}.Debug|x86.ActiveCfg = Debug|Any CPU
		{CB6F8A50-9213-407B-9724-BF209985073E}.Debug|x86.Build.0 = Debug|Any CPU
		{CB6F8A50-9213-407B-9724-BF209985073E}.Debug|x86.Deploy.0 = Debug|Any CPU
		{CB6F8A50-9213-407B-9724-BF209985073E}.Release|Any CPU.ActiveCfg = Release|Any CPU
		{CB6F8A50-9213-407B-9724-BF209985073E}.Release|Any CPU.Build.0 = Release|Any CPU
		{CB6F8A50-9213-407B-9724-BF209985073E}.Release|Any CPU.Deploy.0 = Release|Any CPU
		{CB6F8A50-9213-407B-9724-BF209985073E}.Release|ARM.ActiveCfg = Release|Any CPU
		{CB6F8A50-9213-407B-9724-BF209985073E}.Release|ARM.Build.0 = Release|Any CPU
		{CB6F8A50-9213-407B-9724-BF209985073E}.Release|ARM.Deploy.0 = Release|Any CPU
		{CB6F8A50-9213-407B-9724-BF209985073E}.Release|iPhone.ActiveCfg = Release|Any CPU
		{CB6F8A50-9213-407B-9724-BF209985073E}.Release|iPhone.Build.0 = Release|Any CPU
		{CB6F8A50-9213-407B-9724-BF209985073E}.Release|iPhone.Deploy.0 = Release|Any CPU
		{CB6F8A50-9213-407B-9724-BF209985073E}.Release|iPhoneSimulator.ActiveCfg = Release|Any CPU
		{CB6F8A50-9213-407B-9724-BF209985073E}.Release|iPhoneSimulator.Build.0 = Release|Any CPU
		{CB6F8A50-9213-407B-9724-BF209985073E}.Release|iPhoneSimulator.Deploy.0 = Release|Any CPU
		{CB6F8A50-9213-407B-9724-BF209985073E}.Release|x64.ActiveCfg = Release|Any CPU
		{CB6F8A50-9213-407B-9724-BF209985073E}.Release|x64.Build.0 = Release|Any CPU
		{CB6F8A50-9213-407B-9724-BF209985073E}.Release|x64.Deploy.0 = Release|Any CPU
		{CB6F8A50-9213-407B-9724-BF209985073E}.Release|x86.ActiveCfg = Release|Any CPU
		{CB6F8A50-9213-407B-9724-BF209985073E}.Release|x86.Build.0 = Release|Any CPU
		{CB6F8A50-9213-407B-9724-BF209985073E}.Release|x86.Deploy.0 = Release|Any CPU
		{37C946AF-F45C-4195-942E-EB65394E72FD}.Debug|Any CPU.ActiveCfg = Debug|iPhone
		{37C946AF-F45C-4195-942E-EB65394E72FD}.Debug|Any CPU.Build.0 = Debug|iPhone
		{37C946AF-F45C-4195-942E-EB65394E72FD}.Debug|Any CPU.Deploy.0 = Debug|iPhone
		{37C946AF-F45C-4195-942E-EB65394E72FD}.Debug|ARM.ActiveCfg = Debug|iPhone
		{37C946AF-F45C-4195-942E-EB65394E72FD}.Debug|ARM.Build.0 = Debug|iPhone
		{37C946AF-F45C-4195-942E-EB65394E72FD}.Debug|ARM.Deploy.0 = Debug|iPhone
		{37C946AF-F45C-4195-942E-EB65394E72FD}.Debug|iPhone.ActiveCfg = Debug|iPhone
		{37C946AF-F45C-4195-942E-EB65394E72FD}.Debug|iPhone.Build.0 = Debug|iPhone
		{37C946AF-F45C-4195-942E-EB65394E72FD}.Debug|iPhone.Deploy.0 = Debug|iPhone
		{37C946AF-F45C-4195-942E-EB65394E72FD}.Debug|iPhoneSimulator.ActiveCfg = Debug|iPhoneSimulator
		{37C946AF-F45C-4195-942E-EB65394E72FD}.Debug|iPhoneSimulator.Build.0 = Debug|iPhoneSimulator
		{37C946AF-F45C-4195-942E-EB65394E72FD}.Debug|iPhoneSimulator.Deploy.0 = Debug|iPhoneSimulator
		{37C946AF-F45C-4195-942E-EB65394E72FD}.Debug|x64.ActiveCfg = Debug|iPhone
		{37C946AF-F45C-4195-942E-EB65394E72FD}.Debug|x64.Build.0 = Debug|iPhone
		{37C946AF-F45C-4195-942E-EB65394E72FD}.Debug|x64.Deploy.0 = Debug|iPhone
		{37C946AF-F45C-4195-942E-EB65394E72FD}.Debug|x86.ActiveCfg = Debug|iPhone
		{37C946AF-F45C-4195-942E-EB65394E72FD}.Debug|x86.Build.0 = Debug|iPhone
		{37C946AF-F45C-4195-942E-EB65394E72FD}.Debug|x86.Deploy.0 = Debug|iPhone
		{37C946AF-F45C-4195-942E-EB65394E72FD}.Release|Any CPU.ActiveCfg = Release|iPhone
		{37C946AF-F45C-4195-942E-EB65394E72FD}.Release|Any CPU.Build.0 = Release|iPhone
		{37C946AF-F45C-4195-942E-EB65394E72FD}.Release|Any CPU.Deploy.0 = Release|iPhone
		{37C946AF-F45C-4195-942E-EB65394E72FD}.Release|ARM.ActiveCfg = Release|iPhone
		{37C946AF-F45C-4195-942E-EB65394E72FD}.Release|ARM.Build.0 = Release|iPhone
		{37C946AF-F45C-4195-942E-EB65394E72FD}.Release|ARM.Deploy.0 = Release|iPhone
		{37C946AF-F45C-4195-942E-EB65394E72FD}.Release|iPhone.ActiveCfg = Release|iPhone
		{37C946AF-F45C-4195-942E-EB65394E72FD}.Release|iPhone.Build.0 = Release|iPhone
		{37C946AF-F45C-4195-942E-EB65394E72FD}.Release|iPhone.Deploy.0 = Release|iPhone
		{37C946AF-F45C-4195-942E-EB65394E72FD}.Release|iPhoneSimulator.ActiveCfg = Release|iPhoneSimulator
		{37C946AF-F45C-4195-942E-EB65394E72FD}.Release|iPhoneSimulator.Build.0 = Release|iPhoneSimulator
		{37C946AF-F45C-4195-942E-EB65394E72FD}.Release|iPhoneSimulator.Deploy.0 = Release|iPhoneSimulator
		{37C946AF-F45C-4195-942E-EB65394E72FD}.Release|x64.ActiveCfg = Release|iPhone
		{37C946AF-F45C-4195-942E-EB65394E72FD}.Release|x64.Build.0 = Release|iPhone
		{37C946AF-F45C-4195-942E-EB65394E72FD}.Release|x64.Deploy.0 = Release|iPhone
		{37C946AF-F45C-4195-942E-EB65394E72FD}.Release|x86.ActiveCfg = Release|iPhone
		{37C946AF-F45C-4195-942E-EB65394E72FD}.Release|x86.Build.0 = Release|iPhone
		{37C946AF-F45C-4195-942E-EB65394E72FD}.Release|x86.Deploy.0 = Release|iPhone
		{E98F8614-4755-4AF2-A06C-9789E24C0ED5}.Debug|Any CPU.ActiveCfg = Debug|Any CPU
		{E98F8614-4755-4AF2-A06C-9789E24C0ED5}.Debug|Any CPU.Build.0 = Debug|Any CPU
		{E98F8614-4755-4AF2-A06C-9789E24C0ED5}.Debug|Any CPU.Deploy.0 = Debug|Any CPU
		{E98F8614-4755-4AF2-A06C-9789E24C0ED5}.Debug|ARM.ActiveCfg = Debug|Any CPU
		{E98F8614-4755-4AF2-A06C-9789E24C0ED5}.Debug|ARM.Build.0 = Debug|Any CPU
		{E98F8614-4755-4AF2-A06C-9789E24C0ED5}.Debug|ARM.Deploy.0 = Debug|Any CPU
		{E98F8614-4755-4AF2-A06C-9789E24C0ED5}.Debug|iPhone.ActiveCfg = Debug|Any CPU
		{E98F8614-4755-4AF2-A06C-9789E24C0ED5}.Debug|iPhone.Build.0 = Debug|Any CPU
		{E98F8614-4755-4AF2-A06C-9789E24C0ED5}.Debug|iPhone.Deploy.0 = Debug|Any CPU
		{E98F8614-4755-4AF2-A06C-9789E24C0ED5}.Debug|iPhoneSimulator.ActiveCfg = Debug|Any CPU
		{E98F8614-4755-4AF2-A06C-9789E24C0ED5}.Debug|iPhoneSimulator.Build.0 = Debug|Any CPU
		{E98F8614-4755-4AF2-A06C-9789E24C0ED5}.Debug|iPhoneSimulator.Deploy.0 = Debug|Any CPU
		{E98F8614-4755-4AF2-A06C-9789E24C0ED5}.Debug|x64.ActiveCfg = Debug|Any CPU
		{E98F8614-4755-4AF2-A06C-9789E24C0ED5}.Debug|x64.Build.0 = Debug|Any CPU
		{E98F8614-4755-4AF2-A06C-9789E24C0ED5}.Debug|x64.Deploy.0 = Debug|Any CPU
		{E98F8614-4755-4AF2-A06C-9789E24C0ED5}.Debug|x86.ActiveCfg = Debug|Any CPU
		{E98F8614-4755-4AF2-A06C-9789E24C0ED5}.Debug|x86.Build.0 = Debug|Any CPU
		{E98F8614-4755-4AF2-A06C-9789E24C0ED5}.Debug|x86.Deploy.0 = Debug|Any CPU
		{E98F8614-4755-4AF2-A06C-9789E24C0ED5}.Release|Any CPU.ActiveCfg = Release|Any CPU
		{E98F8614-4755-4AF2-A06C-9789E24C0ED5}.Release|Any CPU.Build.0 = Release|Any CPU
		{E98F8614-4755-4AF2-A06C-9789E24C0ED5}.Release|Any CPU.Deploy.0 = Release|Any CPU
		{E98F8614-4755-4AF2-A06C-9789E24C0ED5}.Release|ARM.ActiveCfg = Release|Any CPU
		{E98F8614-4755-4AF2-A06C-9789E24C0ED5}.Release|ARM.Build.0 = Release|Any CPU
		{E98F8614-4755-4AF2-A06C-9789E24C0ED5}.Release|ARM.Deploy.0 = Release|Any CPU
		{E98F8614-4755-4AF2-A06C-9789E24C0ED5}.Release|iPhone.ActiveCfg = Release|Any CPU
		{E98F8614-4755-4AF2-A06C-9789E24C0ED5}.Release|iPhone.Build.0 = Release|Any CPU
		{E98F8614-4755-4AF2-A06C-9789E24C0ED5}.Release|iPhone.Deploy.0 = Release|Any CPU
		{E98F8614-4755-4AF2-A06C-9789E24C0ED5}.Release|iPhoneSimulator.ActiveCfg = Release|Any CPU
		{E98F8614-4755-4AF2-A06C-9789E24C0ED5}.Release|iPhoneSimulator.Build.0 = Release|Any CPU
		{E98F8614-4755-4AF2-A06C-9789E24C0ED5}.Release|iPhoneSimulator.Deploy.0 = Release|Any CPU
		{E98F8614-4755-4AF2-A06C-9789E24C0ED5}.Release|x64.ActiveCfg = Release|Any CPU
		{E98F8614-4755-4AF2-A06C-9789E24C0ED5}.Release|x64.Build.0 = Release|Any CPU
		{E98F8614-4755-4AF2-A06C-9789E24C0ED5}.Release|x64.Deploy.0 = Release|Any CPU
		{E98F8614-4755-4AF2-A06C-9789E24C0ED5}.Release|x86.ActiveCfg = Release|Any CPU
		{E98F8614-4755-4AF2-A06C-9789E24C0ED5}.Release|x86.Build.0 = Release|Any CPU
		{E98F8614-4755-4AF2-A06C-9789E24C0ED5}.Release|x86.Deploy.0 = Release|Any CPU
	EndGlobalSection
	GlobalSection(SolutionProperties) = preSolution
		HideSolutionNode = FALSE
	EndGlobalSection
	GlobalSection(ExtensibilityGlobals) = postSolution
		SolutionGuid = {BF13C92B-538C-4C96-86BC-7659C921D185}
	EndGlobalSection
EndGlobal
