
Microsoft Visual Studio Solution File, Format Version 12.00
# Visual Studio Version 16
VisualStudioVersion = 16.0.29102.190
MinimumVisualStudioVersion = 10.0.40219.1
Project("{FAE04EC0-301F-11D3-BF4B-00C04F79EFBC}") = "SCALE_ASPNETCORE", "SCALE_ASPNETCORE.csproj", "{7575A1EC-A069-4203-87F6-AD15FA95402D}"
EndProject
Global
	GlobalSection(SolutionConfigurationPlatforms) = preSolution
		Debug|Any CPU = Debug|Any CPU
		Release|Any CPU = Release|Any CPU
	EndGlobalSection
	GlobalSection(ProjectConfigurationPlatforms) = postSolution
		{7575A1EC-A069-4203-87F6-AD15FA95402D}.Debug|Any CPU.ActiveCfg = Debug|Any CPU
		{7575A1EC-A069-4203-87F6-AD15FA95402D}.Debug|Any CPU.Build.0 = Debug|Any CPU
		{7575A1EC-A069-4203-87F6-AD15FA95402D}.Release|Any CPU.ActiveCfg = Release|Any CPU
		{7575A1EC-A069-4203-87F6-AD15FA95402D}.Release|Any CPU.Build.0 = Release|Any CPU
	EndGlobalSection
	GlobalSection(SolutionProperties) = preSolution
		HideSolutionNode = FALSE
	EndGlobalSection
	GlobalSection(ExtensibilityGlobals) = postSolution
		SolutionGuid = {EF260881-058F-456C-A62E-BCBCB5FCD9ED}
	EndGlobalSection
EndGlobal
